
Microsoft Visual Studio Solution File, Format Version 12.00
# Visual Studio Version 18
VisualStudioVersion = 18.8.12105.206 oobstable
MinimumVisualStudioVersion = 10.0.40219.1
Project("{FAE04EC0-301F-11D3-BF4B-00C04F79EFBC}") = "WTT-PackNStrapServer", "WTT-PackNStrap\WTT-PackNStrapServer.csproj", "{2400549A-0A6B-40B7-9907-C334CEFA9EDC}"
EndProject
Project("{FAE04EC0-301F-11D3-BF4B-00C04F79EFBC}") = "WTT-PackNStrapClient", "WTT-PackNStrapClient\WTT-PackNStrapClient.csproj", "{B635121B-E371-45EB-9945-CC4DEBDC2F94}"
EndProject
Project("{FAE04EC0-301F-11D3-BF4B-00C04F79EFBC}") = "Trenchfoot-BeltSlot", "Trenchfoot-BeltSlot\Trenchfoot-BeltSlot.csproj", "{DE403D6D-5B1C-4605-94CA-A54706CB491B}"
EndProject
Global
	GlobalSection(SolutionConfigurationPlatforms) = preSolution
		Debug|Any CPU = Debug|Any CPU
		Release|Any CPU = Release|Any CPU
	EndGlobalSection
	GlobalSection(ProjectConfigurationPlatforms) = postSolution
		{2400549A-0A6B-40B7-9907-C334CEFA9EDC}.Debug|Any CPU.ActiveCfg = Debug|Any CPU
		{2400549A-0A6B-40B7-9907-C334CEFA9EDC}.Debug|Any CPU.Build.0 = Debug|Any CPU
		{2400549A-0A6B-40B7-9907-C334CEFA9EDC}.Release|Any CPU.ActiveCfg = Release|Any CPU
		{2400549A-0A6B-40B7-9907-C334CEFA9EDC}.Release|Any CPU.Build.0 = Release|Any CPU
		{B635121B-E371-45EB-9945-CC4DEBDC2F94}.Debug|Any CPU.ActiveCfg = Debug|Any CPU
		{B635121B-E371-45EB-9945-CC4DEBDC2F94}.Debug|Any CPU.Build.0 = Debug|Any CPU
		{B635121B-E371-45EB-9945-CC4DEBDC2F94}.Release|Any CPU.ActiveCfg = Release|Any CPU
		{B635121B-E371-45EB-9945-CC4DEBDC2F94}.Release|Any CPU.Build.0 = Release|Any CPU
		{DE403D6D-5B1C-4605-94CA-A54706CB491B}.Debug|Any CPU.ActiveCfg = Debug|Any CPU
		{DE403D6D-5B1C-4605-94CA-A54706CB491B}.Debug|Any CPU.Build.0 = Debug|Any CPU
		{DE403D6D-5B1C-4605-94CA-A54706CB491B}.Release|Any CPU.ActiveCfg = Release|Any CPU
		{DE403D6D-5B1C-4605-94CA-A54706CB491B}.Release|Any CPU.Build.0 = Release|Any CPU
	EndGlobalSection
	GlobalSection(SolutionProperties) = preSolution
		HideSolutionNode = FALSE
	EndGlobalSection
EndGlobal
